
Microsoft Visual Studio Solution File, Format Version 12.00
# Visual Studio Version 17
VisualStudioVersion = 17.2.32505.173
MinimumVisualStudioVersion = 10.0.40219.1
Project("{FAE04EC0-301F-11D3-BF4B-00C04F79EFBC}") = "PalindromeString", "PalindromeString\PalindromeString.csproj", "{F948D02C-4846-4209-B52A-E6C51D6F7BCE}"
EndProject
Global
	GlobalSection(SolutionConfigurationPlatforms) = preSolution
		Debug|Any CPU = Debug|Any CPU
		Release|Any CPU = Release|Any CPU
	EndGlobalSection
	GlobalSection(ProjectConfigurationPlatforms) = postSolution
		{F948D02C-4846-4209-B52A-E6C51D6F7BCE}.Debug|Any CPU.ActiveCfg = Debug|Any CPU
		{F948D02C-4846-4209-B52A-E6C51D6F7BCE}.Debug|Any CPU.Build.0 = Debug|Any CPU
		{F948D02C-4846-4209-B52A-E6C51D6F7BCE}.Release|Any CPU.ActiveCfg = Release|Any CPU
		{F948D02C-4846-4209-B52A-E6C51D6F7BCE}.Release|Any CPU.Build.0 = Release|Any CPU
	EndGlobalSection
	GlobalSection(SolutionProperties) = preSolution
		HideSolutionNode = FALSE
	EndGlobalSection
	GlobalSection(ExtensibilityGlobals) = postSolution
		SolutionGuid = {A7AE15CC-C3C0-49A0-8B07-18DACD537130}
	EndGlobalSection
EndGlobal
